
Microsoft Visual Studio Solution File, Format Version 12.00
# Visual Studio Version 16
VisualStudioVersion = 16.0.29424.173
MinimumVisualStudioVersion = 10.0.40219.1
Project("{FAE04EC0-301F-11D3-BF4B-00C04F79EFBC}") = "CompareDirectories", "CompareDirectories\CompareDirectories.csproj", "{B754BEEA-832F-4FBD-A366-1E8E02709836}"
EndProject
Global
	GlobalSection(SolutionConfigurationPlatforms) = preSolution
		Debug|Any CPU = Debug|Any CPU
		Release|Any CPU = Release|Any CPU
	EndGlobalSection
	GlobalSection(ProjectConfigurationPlatforms) = postSolution
		{B754BEEA-832F-4FBD-A366-1E8E02709836}.Debug|Any CPU.ActiveCfg = Release|Any CPU
		{B754BEEA-832F-4FBD-A366-1E8E02709836}.Debug|Any CPU.Build.0 = Release|Any CPU
		{B754BEEA-832F-4FBD-A366-1E8E02709836}.Release|Any CPU.ActiveCfg = Release|Any CPU
		{B754BEEA-832F-4FBD-A366-1E8E02709836}.Release|Any CPU.Build.0 = Release|Any CPU
	EndGlobalSection
	GlobalSection(SolutionProperties) = preSolution
		HideSolutionNode = FALSE
	EndGlobalSection
	GlobalSection(ExtensibilityGlobals) = postSolution
		SolutionGuid = {9CA44359-654F-4094-AA24-B0573ADBF719}
	EndGlobalSection
EndGlobal
